
Microsoft Visual Studio Solution File, Format Version 12.00
# Visual Studio Version 16
VisualStudioVersion = 16.0.31702.278
MinimumVisualStudioVersion = 10.0.40219.1
Project("{FAE04EC0-301F-11D3-BF4B-00C04F79EFBC}") = "Wsei.Lab5", "Wsei.Lab5\Wsei.Lab5.csproj", "{EDE9FD14-7334-4E70-B63F-73BCA984398B}"
EndProject
Global
	GlobalSection(SolutionConfigurationPlatforms) = preSolution
		Debug|Any CPU = Debug|Any CPU
		Release|Any CPU = Release|Any CPU
	EndGlobalSection
	GlobalSection(ProjectConfigurationPlatforms) = postSolution
		{EDE9FD14-7334-4E70-B63F-73BCA984398B}.Debug|Any CPU.ActiveCfg = Debug|Any CPU
		{EDE9FD14-7334-4E70-B63F-73BCA984398B}.Debug|Any CPU.Build.0 = Debug|Any CPU
		{EDE9FD14-7334-4E70-B63F-73BCA984398B}.Release|Any CPU.ActiveCfg = Release|Any CPU
		{EDE9FD14-7334-4E70-B63F-73BCA984398B}.Release|Any CPU.Build.0 = Release|Any CPU
	EndGlobalSection
	GlobalSection(SolutionProperties) = preSolution
		HideSolutionNode = FALSE
	EndGlobalSection
	GlobalSection(ExtensibilityGlobals) = postSolution
		SolutionGuid = {44175344-3433-469D-AA39-F585A1FB6CED}
	EndGlobalSection
EndGlobal
